Microsoft Visual Studio Solution File, Format Version 12.00
# Visual Studio Version 17
VisualStudioVersion = 17.5.2.0
MinimumVisualStudioVersion = 10.0.40219.1
Project("{FAE04EC0-301F-11D3-BF4B-00C04F79EFBC}") = "TheCard", "TheCard.csproj", "{C0AE8F58-C848-771C-1913-96200B4728CC}"
EndProject
Global
	GlobalSection(SolutionConfigurationPlatforms) = preSolution
		Debug|Any CPU = Debug|Any CPU
		Release|Any CPU = Release|Any CPU
	EndGlobalSection
	GlobalSection(ProjectConfigurationPlatforms) = postSolution
		{C0AE8F58-C848-771C-1913-96200B4728CC}.Debug|Any CPU.ActiveCfg = Debug|Any CPU
		{C0AE8F58-C848-771C-1913-96200B4728CC}.Debug|Any CPU.Build.0 = Debug|Any CPU
		{C0AE8F58-C848-771C-1913-96200B4728CC}.Release|Any CPU.ActiveCfg = Release|Any CPU
		{C0AE8F58-C848-771C-1913-96200B4728CC}.Release|Any CPU.Build.0 = Release|Any CPU
	EndGlobalSection
	GlobalSection(SolutionProperties) = preSolution
		HideSolutionNode = FALSE
	EndGlobalSection
	GlobalSection(ExtensibilityGlobals) = postSolution
		SolutionGuid = {F4A285B2-18E7-4600-ADEA-F8B272DF4C3B}
	EndGlobalSection
EndGlobal
